
Microsoft Visual Studio Solution File, Format Version 12.00
# Visual Studio Version 17
VisualStudioVersion = 17.0.31903.59
MinimumVisualStudioVersion = 10.0.40219.1
Project("{FAE04EC0-301F-11D3-BF4B-00C04F79EFBC}") = "CTDay2", "CTDay2\CTDay2.csproj", "{EC32A9D1-7427-451F-B316-AF654B00C0D4}"
EndProject
Project("{FAE04EC0-301F-11D3-BF4B-00C04F79EFBC}") = "PetShop", "PetShop\PetShop.csproj", "{847D69D9-D24B-46EE-9CA0-208839F5D778}"
EndProject
Global
	GlobalSection(SolutionConfigurationPlatforms) = preSolution
		Debug|Any CPU = Debug|Any CPU
		Release|Any CPU = Release|Any CPU
	EndGlobalSection
	GlobalSection(ProjectConfigurationPlatforms) = postSolution
		{EC32A9D1-7427-451F-B316-AF654B00C0D4}.Debug|Any CPU.ActiveCfg = Debug|Any CPU
		{EC32A9D1-7427-451F-B316-AF654B00C0D4}.Debug|Any CPU.Build.0 = Debug|Any CPU
		{EC32A9D1-7427-451F-B316-AF654B00C0D4}.Release|Any CPU.ActiveCfg = Release|Any CPU
		{EC32A9D1-7427-451F-B316-AF654B00C0D4}.Release|Any CPU.Build.0 = Release|Any CPU
		{847D69D9-D24B-46EE-9CA0-208839F5D778}.Debug|Any CPU.ActiveCfg = Debug|Any CPU
		{847D69D9-D24B-46EE-9CA0-208839F5D778}.Debug|Any CPU.Build.0 = Debug|Any CPU
		{847D69D9-D24B-46EE-9CA0-208839F5D778}.Release|Any CPU.ActiveCfg = Release|Any CPU
		{847D69D9-D24B-46EE-9CA0-208839F5D778}.Release|Any CPU.Build.0 = Release|Any CPU
	EndGlobalSection
	GlobalSection(SolutionProperties) = preSolution
		HideSolutionNode = FALSE
	EndGlobalSection
	GlobalSection(ExtensibilityGlobals) = postSolution
		SolutionGuid = {E491986A-0F64-48D7-8902-8D889A6983DD}
	EndGlobalSection
EndGlobal
